
Microsoft Visual Studio Solution File, Format Version 12.00
# Visual Studio Version 17
VisualStudioVersion = 17.14.36212.18 d17.14
MinimumVisualStudioVersion = 10.0.40219.1
Project("{FAE04EC0-301F-11D3-BF4B-00C04F79EFBC}") = "myWebPage", "myWebPage\myWebPage.csproj", "{956FB930-1BC9-4922-95AB-5C4017464781}"
EndProject
Global
	GlobalSection(SolutionConfigurationPlatforms) = preSolution
		Debug|Any CPU = Debug|Any CPU
		Release|Any CPU = Release|Any CPU
	EndGlobalSection
	GlobalSection(ProjectConfigurationPlatforms) = postSolution
		{956FB930-1BC9-4922-95AB-5C4017464781}.Debug|Any CPU.ActiveCfg = Debug|Any CPU
		{956FB930-1BC9-4922-95AB-5C4017464781}.Debug|Any CPU.Build.0 = Debug|Any CPU
		{956FB930-1BC9-4922-95AB-5C4017464781}.Release|Any CPU.ActiveCfg = Release|Any CPU
		{956FB930-1BC9-4922-95AB-5C4017464781}.Release|Any CPU.Build.0 = Release|Any CPU
	EndGlobalSection
	GlobalSection(SolutionProperties) = preSolution
		HideSolutionNode = FALSE
	EndGlobalSection
	GlobalSection(ExtensibilityGlobals) = postSolution
		SolutionGuid = {E4B270D9-459D-49A3-92E4-B786D7723F1A}
	EndGlobalSection
EndGlobal
